
Microsoft Visual Studio Solution File, Format Version 12.00
# Visual Studio Version 17
VisualStudioVersion = 17.2.32526.322
MinimumVisualStudioVersion = 10.0.40219.1
Project("{FAE04EC0-301F-11D3-BF4B-00C04F79EFBC}") = "Single Inheritance", "Demo Inheritance\Single Inheritance.csproj", "{4652C8AE-24CA-4881-86BA-3CA13724F215}"
EndProject
Project("{FAE04EC0-301F-11D3-BF4B-00C04F79EFBC}") = "Multiple Inheritance", "Multiple Inheritance\Multiple Inheritance.csproj", "{F355FE40-1ECF-42F7-9E01-C1FEB58DDFA2}"
EndProject
Project("{FAE04EC0-301F-11D3-BF4B-00C04F79EFBC}") = "Hierarchical Inheritance", "Hierarchical Inheritance\Hierarchical Inheritance.csproj", "{B5144B11-96C7-466E-B362-CFCBF568F5FB}"
EndProject
Project("{FAE04EC0-301F-11D3-BF4B-00C04F79EFBC}") = "RandomList", "RandomList\RandomList.csproj", "{471878EB-A767-4016-9A75-2D89CA4DEDC9}"
EndProject
Project("{FAE04EC0-301F-11D3-BF4B-00C04F79EFBC}") = "StackOfStrings", "StackOfStrings\StackOfStrings.csproj", "{318FBB1A-4A38-487A-ABDB-D2149C00FF07}"
EndProject
Global
	GlobalSection(SolutionConfigurationPlatforms) = preSolution
		Debug|Any CPU = Debug|Any CPU
		Release|Any CPU = Release|Any CPU
	EndGlobalSection
	GlobalSection(ProjectConfigurationPlatforms) = postSolution
		{4652C8AE-24CA-4881-86BA-3CA13724F215}.Debug|Any CPU.ActiveCfg = Debug|Any CPU
		{4652C8AE-24CA-4881-86BA-3CA13724F215}.Debug|Any CPU.Build.0 = Debug|Any CPU
		{4652C8AE-24CA-4881-86BA-3CA13724F215}.Release|Any CPU.ActiveCfg = Release|Any CPU
		{4652C8AE-24CA-4881-86BA-3CA13724F215}.Release|Any CPU.Build.0 = Release|Any CPU
		{F355FE40-1ECF-42F7-9E01-C1FEB58DDFA2}.Debug|Any CPU.ActiveCfg = Debug|Any CPU
		{F355FE40-1ECF-42F7-9E01-C1FEB58DDFA2}.Debug|Any CPU.Build.0 = Debug|Any CPU
		{F355FE40-1ECF-42F7-9E01-C1FEB58DDFA2}.Release|Any CPU.ActiveCfg = Release|Any CPU
		{F355FE40-1ECF-42F7-9E01-C1FEB58DDFA2}.Release|Any CPU.Build.0 = Release|Any CPU
		{B5144B11-96C7-466E-B362-CFCBF568F5FB}.Debug|Any CPU.ActiveCfg = Debug|Any CPU
		{B5144B11-96C7-466E-B362-CFCBF568F5FB}.Debug|Any CPU.Build.0 = Debug|Any CPU
		{B5144B11-96C7-466E-B362-CFCBF568F5FB}.Release|Any CPU.ActiveCfg = Release|Any CPU
		{B5144B11-96C7-466E-B362-CFCBF568F5FB}.Release|Any CPU.Build.0 = Release|Any CPU
		{471878EB-A767-4016-9A75-2D89CA4DEDC9}.Debug|Any CPU.ActiveCfg = Debug|Any CPU
		{471878EB-A767-4016-9A75-2D89CA4DEDC9}.Debug|Any CPU.Build.0 = Debug|Any CPU
		{471878EB-A767-4016-9A75-2D89CA4DEDC9}.Release|Any CPU.ActiveCfg = Release|Any CPU
		{471878EB-A767-4016-9A75-2D89CA4DEDC9}.Release|Any CPU.Build.0 = Release|Any CPU
		{318FBB1A-4A38-487A-ABDB-D2149C00FF07}.Debug|Any CPU.ActiveCfg = Debug|Any CPU
		{318FBB1A-4A38-487A-ABDB-D2149C00FF07}.Debug|Any CPU.Build.0 = Debug|Any CPU
		{318FBB1A-4A38-487A-ABDB-D2149C00FF07}.Release|Any CPU.ActiveCfg = Release|Any CPU
		{318FBB1A-4A38-487A-ABDB-D2149C00FF07}.Release|Any CPU.Build.0 = Release|Any CPU
	EndGlobalSection
	GlobalSection(SolutionProperties) = preSolution
		HideSolutionNode = FALSE
	EndGlobalSection
	GlobalSection(ExtensibilityGlobals) = postSolution
		SolutionGuid = {10C406D2-51FA-493F-8760-48984A6D80A0}
	EndGlobalSection
EndGlobal
